
Microsoft Visual Studio Solution File, Format Version 12.00
# Visual Studio Version 17
VisualStudioVersion = 17.14.36414.22
MinimumVisualStudioVersion = 10.0.40219.1
Project("{FAE04EC0-301F-11D3-BF4B-00C04F79EFBC}") = "DiaryApp", "DiaryApp\DiaryApp.csproj", "{417981E0-3FB7-45FE-95F4-38B9E3857DEE}"
EndProject
Global
	GlobalSection(SolutionConfigurationPlatforms) = preSolution
		Debug|Any CPU = Debug|Any CPU
		Release|Any CPU = Release|Any CPU
	EndGlobalSection
	GlobalSection(ProjectConfigurationPlatforms) = postSolution
		{417981E0-3FB7-45FE-95F4-38B9E3857DEE}.Debug|Any CPU.ActiveCfg = Debug|Any CPU
		{417981E0-3FB7-45FE-95F4-38B9E3857DEE}.Debug|Any CPU.Build.0 = Debug|Any CPU
		{417981E0-3FB7-45FE-95F4-38B9E3857DEE}.Release|Any CPU.ActiveCfg = Release|Any CPU
		{417981E0-3FB7-45FE-95F4-38B9E3857DEE}.Release|Any CPU.Build.0 = Release|Any CPU
	EndGlobalSection
	GlobalSection(SolutionProperties) = preSolution
		HideSolutionNode = FALSE
	EndGlobalSection
	GlobalSection(ExtensibilityGlobals) = postSolution
		SolutionGuid = {72D63414-366C-4563-9782-407AC7BC8895}
	EndGlobalSection
EndGlobal
